// !$*UTF8*$!
{
	archiveVersion = 1;
	classes = {
	};
	objectVersion = 77;
	objects = {

/* Begin PBXBuildFile section */
		B47608E12EE4E29700015966 /* AllownaceIQ Watch App.app in Embed Watch Content */ = {isa = PBXBuildFile; fileRef = B47608C12EE4E29600015966 /* AllownaceIQ Watch App.app */; settings = {ATTRIBUTES = (RemoveHeadersOnCopy, ); }; };
		B4F36B252F009C4A0082CD94 /* WatchConnectivity.framework in Frameworks */ = {isa = PBXBuildFile; fileRef = B4F36B242F009C4A0082CD94 /* WatchConnectivity.framework */; };
		B4F36B272F009CC50082CD94 /* WatchConnectivity.framework in Frameworks */ = {isa = PBXBuildFile; fileRef = B4F36B262F009CC50082CD94 /* WatchConnectivity.framework */; };
/* End PBXBuildFile section */

/* Begin PBXContainerItemProxy section */
		B47608CE2EE4E29700015966 /* PBXContainerItemProxy */ = {
			isa = PBXContainerItemProxy;
			containerPortal = B4B0C4E22ED51CCD003221FD /* Project object */;
			proxyType = 1;
			remoteGlobalIDString = B47608C02EE4E29600015966;
			remoteInfo = "AllownaceIQ Watch App";
		};
		B47608D82EE4E29700015966 /* PBXContainerItemProxy */ = {
			isa = PBXContainerItemProxy;
			containerPortal = B4B0C4E22ED51CCD003221FD /* Project object */;
			proxyType = 1;
			remoteGlobalIDString = B47608C02EE4E29600015966;
			remoteInfo = "AllownaceIQ Watch App";
		};
		B47608DF2EE4E29700015966 /* PBXContainerItemProxy */ = {
			isa = PBXContainerItemProxy;
			containerPortal = B4B0C4E22ED51CCD003221FD /* Project object */;
			proxyType = 1;
			remoteGlobalIDString = B47608C02EE4E29600015966;
			remoteInfo = "AllownaceIQ Watch App";
		};
		B4B0C4FD2ED51CCE003221FD /* PBXContainerItemProxy */ = {
			isa = PBXContainerItemProxy;
			containerPortal = B4B0C4E22ED51CCD003221FD /* Project object */;
			proxyType = 1;
			remoteGlobalIDString = B4B0C4E92ED51CCD003221FD;
			remoteInfo = AllowanceIQ;
		};
		B4B0C5072ED51CCE003221FD /* PBXContainerItemProxy */ = {
			isa = PBXContainerItemProxy;
			containerPortal = B4B0C4E22ED51CCD003221FD /* Project object */;
			proxyType = 1;
			remoteGlobalIDString = B4B0C4E92ED51CCD003221FD;
			remoteInfo = AllowanceIQ;
		};
/* End PBXContainerItemProxy section */

/* Begin PBXCopyFilesBuildPhase section */
		B47608E52EE4E29700015966 /* Embed Watch Content */ = {
			isa = PBXCopyFilesBuildPhase;
			buildActionMask = 2147483647;
			dstPath = "$(CONTENTS_FOLDER_PATH)/Watch";
			dstSubfolderSpec = 16;
			files = (
				B47608E12EE4E29700015966 /* AllownaceIQ Watch App.app in Embed Watch Content */,
			);
			name = "Embed Watch Content";
			runOnlyForDeploymentPostprocessing = 0;
		};
/* End PBXCopyFilesBuildPhase section */

/* Begin PBXFileReference section */
		B47608C12EE4E29600015966 /* AllownaceIQ Watch App.app */ = {isa = PBXFileReference; explicitFileType = wrapper.application; includeInIndex = 0; path = "AllownaceIQ Watch App.app"; sourceTree = BUILT_PRODUCTS_DIR; };
		B47608CD2EE4E29700015966 /* AllownaceIQ Watch AppTests.xctest */ = {isa = PBXFileReference; explicitFileType = wrapper.cfbundle; includeInIndex = 0; path = "AllownaceIQ Watch AppTests.xctest"; sourceTree = BUILT_PRODUCTS_DIR; };
		B47608D72EE4E29700015966 /* AllownaceIQ Watch AppUITests.xctest */ = {isa = PBXFileReference; explicitFileType = wrapper.cfbundle; includeInIndex = 0; path = "AllownaceIQ Watch AppUITests.xctest"; sourceTree = BUILT_PRODUCTS_DIR; };
		B4B0C4EA2ED51CCD003221FD /* AllowanceIQ.app */ = {isa = PBXFileReference; explicitFileType = wrapper.application; includeInIndex = 0; path = AllowanceIQ.app; sourceTree = BUILT_PRODUCTS_DIR; };
		B4B0C4FC2ED51CCE003221FD /* AllowanceIQTests.xctest */ = {isa = PBXFileReference; explicitFileType = wrapper.cfbundle; includeInIndex = 0; path = AllowanceIQTests.xctest; sourceTree = BUILT_PRODUCTS_DIR; };
		B4B0C5062ED51CCE003221FD /* AllowanceIQUITests.xctest */ = {isa = PBXFileReference; explicitFileType = wrapper.cfbundle; includeInIndex = 0; path = AllowanceIQUITests.xctest; sourceTree = BUILT_PRODUCTS_DIR; };
		B4F36B242F009C4A0082CD94 /* WatchConnectivity.framework */ = {isa = PBXFileReference; lastKnownFileType = wrapper.framework; name = WatchConnectivity.framework; path = System/Library/Frameworks/WatchConnectivity.framework; sourceTree = SDKROOT; };
		B4F36B262F009CC50082CD94 /* WatchConnectivity.framework */ = {isa = PBXFileReference; lastKnownFileType = wrapper.framework; name = WatchConnectivity.framework; path = Platforms/WatchOS.platform/Developer/SDKs/WatchOS26.2.sdk/System/Library/Frameworks/WatchConnectivity.framework; sourceTree = DEVELOPER_DIR; };
/* End PBXFileReference section */

/* Begin PBXFileSystemSynchronizedBuildFileExceptionSet section */
		B47608B72EE4E14800015966 /* Exceptions for "AllowanceIQUITests" folder in "AllowanceIQ" target */ = {
			isa = PBXFileSystemSynchronizedBuildFileExceptionSet;
			membershipExceptions = (
				AllowanceIQUITests.swift,
				AllowanceIQUITestsLaunchTests.swift,
			);
			target = B4B0C4E92ED51CCD003221FD /* AllowanceIQ */;
		};
		B47608B82EE4E14800015966 /* Exceptions for "AllowanceIQUITests" folder in "AllowanceIQUITests" target */ = {
			isa = PBXFileSystemSynchronizedBuildFileExceptionSet;
			membershipExceptions = (
				AllowanceIQUITests.swift,
				AllowanceIQUITestsLaunchTests.swift,
			);
			target = B4B0C5052ED51CCE003221FD /* AllowanceIQUITests */;
		};
		B47608BB2EE4E19500015966 /* Exceptions for "AllowanceIQTests" folder in "AllowanceIQ" target */ = {
			isa = PBXFileSystemSynchronizedBuildFileExceptionSet;
			membershipExceptions = (
				DataManagerTests.swift,
			);
			target = B4B0C4E92ED51CCD003221FD /* AllowanceIQ */;
		};
		B47608BC2EE4E19500015966 /* Exceptions for "AllowanceIQTests" folder in "AllowanceIQUITests" target */ = {
			isa = PBXFileSystemSynchronizedBuildFileExceptionSet;
			membershipExceptions = (
				DataManagerTests.swift,
			);
			target = B4B0C5052ED51CCE003221FD /* AllowanceIQUITests */;
		};
		B4F36B2D2F00B0C30082CD94 /* Exceptions for "AllowanceIQ" folder in "AllownaceIQ Watch App" target */ = {
			isa = PBXFileSystemSynchronizedBuildFileExceptionSet;
			membershipExceptions = (
				Child.swift,
				ConnectivityProvider.swift,
				DataManager.swift,
				Transactions.swift,
				Utilities.swift,
			);
			target = B47608C02EE4E29600015966 /* AllownaceIQ Watch App */;
		};
		B4F36B302F00B0E20082CD94 /* Exceptions for "AllownaceIQ Watch App" folder in "AllowanceIQ" target */ = {
			isa = PBXFileSystemSynchronizedBuildFileExceptionSet;
			membershipExceptions = (
				AllownaceIQWatchApp.swift,
				ChildDetailView.swift,
				WatchContentView.swift,
			);
			target = B4B0C4E92ED51CCD003221FD /* AllowanceIQ */;
		};
/* End PBXFileSystemSynchronizedBuildFileExceptionSet section */

/* Begin PBXFileSystemSynchronizedRootGroup section */
		B47608B02EE4DFA500015966 /* AllowanceIQUITests */ = {
			isa = PBXFileSystemSynchronizedRootGroup;
			exceptions = (
				B47608B72EE4E14800015966 /* Exceptions for "AllowanceIQUITests" folder in "AllowanceIQ" target */,
				B47608B82EE4E14800015966 /* Exceptions for "AllowanceIQUITests" folder in "AllowanceIQUITests" target */,
			);
			path = AllowanceIQUITests;
			sourceTree = "<group>";
		};
		B47608B42EE4DFA800015966 /* AllowanceIQTests */ = {
			isa = PBXFileSystemSynchronizedRootGroup;
			exceptions = (
				B47608BB2EE4E19500015966 /* Exceptions for "AllowanceIQTests" folder in "AllowanceIQ" target */,
				B47608BC2EE4E19500015966 /* Exceptions for "AllowanceIQTests" folder in "AllowanceIQUITests" target */,
			);
			path = AllowanceIQTests;
			sourceTree = "<group>";
		};
		B47608C22EE4E29600015966 /* AllownaceIQ Watch App */ = {
			isa = PBXFileSystemSynchronizedRootGroup;
			exceptions = (
				B4F36B302F00B0E20082CD94 /* Exceptions for "AllownaceIQ Watch App" folder in "AllowanceIQ" target */,
			);
			path = "AllownaceIQ Watch App";
			sourceTree = "<group>";
		};
		B47608D02EE4E29700015966 /* AllownaceIQ Watch AppTests */ = {
			isa = PBXFileSystemSynchronizedRootGroup;
			path = "AllownaceIQ Watch AppTests";
			sourceTree = "<group>";
		};
		B47608DA2EE4E29700015966 /* AllownaceIQ Watch AppUITests */ = {
			isa = PBXFileSystemSynchronizedRootGroup;
			path = "AllownaceIQ Watch AppUITests";
			sourceTree = "<group>";
		};
		B4B0C4EC2ED51CCD003221FD /* AllowanceIQ */ = {
			isa = PBXFileSystemSynchronizedRootGroup;
			exceptions = (
				B4F36B2D2F00B0C30082CD94 /* Exceptions for "AllowanceIQ" folder in "AllownaceIQ Watch App" target */,
			);
			path = AllowanceIQ;
			sourceTree = "<group>";
		};
/* End PBXFileSystemSynchronizedRootGroup section */

/* Begin PBXFrameworksBuildPhase section */
		B47608BE2EE4E29600015966 /* Frameworks */ = {
			isa = PBXFrameworksBuildPhase;
			buildActionMask = 2147483647;
			files = (
				B4F36B272F009CC50082CD94 /* WatchConnectivity.framework in Frameworks */,
			);
			runOnlyForDeploymentPostprocessing = 0;
		};
		B47608CA2EE4E29700015966 /* Frameworks */ = {
			isa = PBXFrameworksBuildPhase;
			buildActionMask = 2147483647;
			files = (
			);
			runOnlyForDeploymentPostprocessing = 0;
		};
		B47608D42EE4E29700015966 /* Frameworks */ = {
			isa = PBXFrameworksBuildPhase;
			buildActionMask = 2147483647;
			files = (
			);
			runOnlyForDeploymentPostprocessing = 0;
		};
		B4B0C4E72ED51CCD003221FD /* Frameworks */ = {
			isa = PBXFrameworksBuildPhase;
			buildActionMask = 2147483647;
			files = (
				B4F36B252F009C4A0082CD94 /* WatchConnectivity.framework in Frameworks */,
			);
			runOnlyForDeploymentPostprocessing = 0;
		};
		B4B0C4F92ED51CCE003221FD /* Frameworks */ = {
			isa = PBXFrameworksBuildPhase;
			buildActionMask = 2147483647;
			files = (
			);
			runOnlyForDeploymentPostprocessing = 0;
		};
		B4B0C5032ED51CCE003221FD /* Frameworks */ = {
			isa = PBXFrameworksBuildPhase;
			buildActionMask = 2147483647;
			files = (
			);
			runOnlyForDeploymentPostprocessing = 0;
		};
/* End PBXFrameworksBuildPhase section */

/* Begin PBXGroup section */
		B4B0C4E12ED51CCD003221FD = {
			isa = PBXGroup;
			children = (
				B4B0C4EC2ED51CCD003221FD /* AllowanceIQ */,
				B47608C22EE4E29600015966 /* AllownaceIQ Watch App */,
				B47608D02EE4E29700015966 /* AllownaceIQ Watch AppTests */,
				B47608DA2EE4E29700015966 /* AllownaceIQ Watch AppUITests */,
				B4B0C4EB2ED51CCD003221FD /* Products */,
				B47608B02EE4DFA500015966 /* AllowanceIQUITests */,
				B47608B42EE4DFA800015966 /* AllowanceIQTests */,
				B4F36B232F009C4A0082CD94 /* Frameworks */,
			);
			sourceTree = "<group>";
		};
		B4B0C4EB2ED51CCD003221FD /* Products */ = {
			isa = PBXGroup;
			children = (
				B4B0C4EA2ED51CCD003221FD /* AllowanceIQ.app */,
				B4B0C4FC2ED51CCE003221FD /* AllowanceIQTests.xctest */,
				B4B0C5062ED51CCE003221FD /* AllowanceIQUITests.xctest */,
				B47608C12EE4E29600015966 /* AllownaceIQ Watch App.app */,
				B47608CD2EE4E29700015966 /* AllownaceIQ Watch AppTests.xctest */,
				B47608D72EE4E29700015966 /* AllownaceIQ Watch AppUITests.xctest */,
			);
			name = Products;
			sourceTree = "<group>";
		};
		B4F36B232F009C4A0082CD94 /* Frameworks */ = {
			isa = PBXGroup;
			children = (
				B4F36B262F009CC50082CD94 /* WatchConnectivity.framework */,
				B4F36B242F009C4A0082CD94 /* WatchConnectivity.framework */,
			);
			name = Frameworks;
			sourceTree = "<group>";
		};
/* End PBXGroup section */

/* Begin PBXNativeTarget section */
		B47608C02EE4E29600015966 /* AllownaceIQ Watch App */ = {
			isa = PBXNativeTarget;
			buildConfigurationList = B47608E22EE4E29700015966 /* Build configuration list for PBXNativeTarget "AllownaceIQ Watch App" */;
			buildPhases = (
				B47608BD2EE4E29600015966 /* Sources */,
				B47608BE2EE4E29600015966 /* Frameworks */,
				B47608BF2EE4E29600015966 /* Resources */,
			);
			buildRules = (
			);
			dependencies = (
			);
			fileSystemSynchronizedGroups = (
				B47608C22EE4E29600015966 /* AllownaceIQ Watch App */,
			);
			name = "AllownaceIQ Watch App";
			packageProductDependencies = (
			);
			productName = "AllownaceIQ Watch App";
			productReference = B47608C12EE4E29600015966 /* AllownaceIQ Watch App.app */;
			productType = "com.apple.product-type.application";
		};
		B47608CC2EE4E29700015966 /* AllownaceIQ Watch AppTests */ = {
			isa = PBXNativeTarget;
			buildConfigurationList = B47608E62EE4E29700015966 /* Build configuration list for PBXNativeTarget "AllownaceIQ Watch AppTests" */;
			buildPhases = (
				B47608C92EE4E29700015966 /* Sources */,
				B47608CA2EE4E29700015966 /* Frameworks */,
				B47608CB2EE4E29700015966 /* Resources */,
			);
			buildRules = (
			);
			dependencies = (
				B47608CF2EE4E29700015966 /* PBXTargetDependency */,
			);
			fileSystemSynchronizedGroups = (
				B47608D02EE4E29700015966 /* AllownaceIQ Watch AppTests */,
			);
			name = "AllownaceIQ Watch AppTests";
			packageProductDependencies = (
			);
			productName = "AllownaceIQ Watch AppTests";
			productReference = B47608CD2EE4E29700015966 /* AllownaceIQ Watch AppTests.xctest */;
			productType = "com.apple.product-type.bundle.unit-test";
		};
		B47608D62EE4E29700015966 /* AllownaceIQ Watch AppUITests */ = {
			isa = PBXNativeTarget;
			buildConfigurationList = B47608E92EE4E29700015966 /* Build configuration list for PBXNativeTarget "AllownaceIQ Watch AppUITests" */;
			buildPhases = (
				B47608D32EE4E29700015966 /* Sources */,
				B47608D42EE4E29700015966 /* Frameworks */,
				B47608D52EE4E29700015966 /* Resources */,
			);
			buildRules = (
			);
			dependencies = (
				B47608D92EE4E29700015966 /* PBXTargetDependency */,
			);
			fileSystemSynchronizedGroups = (
				B47608DA2EE4E29700015966 /* AllownaceIQ Watch AppUITests */,
			);
			name = "AllownaceIQ Watch AppUITests";
			packageProductDependencies = (
			);
			productName = "AllownaceIQ Watch AppUITests";
			productReference = B47608D72EE4E29700015966 /* AllownaceIQ Watch AppUITests.xctest */;
			productType = "com.apple.product-type.bundle.ui-testing";
		};
		B4B0C4E92ED51CCD003221FD /* AllowanceIQ */ = {
			isa = PBXNativeTarget;
			buildConfigurationList = B4B0C5102ED51CCE003221FD /* Build configuration list for PBXNativeTarget "AllowanceIQ" */;
			buildPhases = (
				B4B0C4E62ED51CCD003221FD /* Sources */,
				B4B0C4E72ED51CCD003221FD /* Frameworks */,
				B4B0C4E82ED51CCD003221FD /* Resources */,
				B47608E52EE4E29700015966 /* Embed Watch Content */,
			);
			buildRules = (
			);
			dependencies = (
				B47608E02EE4E29700015966 /* PBXTargetDependency */,
			);
			fileSystemSynchronizedGroups = (
				B47608B02EE4DFA500015966 /* AllowanceIQUITests */,
				B47608B42EE4DFA800015966 /* AllowanceIQTests */,
				B47608C22EE4E29600015966 /* AllownaceIQ Watch App */,
				B4B0C4EC2ED51CCD003221FD /* AllowanceIQ */,
			);
			name = AllowanceIQ;
			packageProductDependencies = (
			);
			productName = AllowanceIQ;
			productReference = B4B0C4EA2ED51CCD003221FD /* AllowanceIQ.app */;
			productType = "com.apple.product-type.application";
		};
		B4B0C4FB2ED51CCE003221FD /* AllowanceIQTests */ = {
			isa = PBXNativeTarget;
			buildConfigurationList = B4B0C5132ED51CCE003221FD /* Build configuration list for PBXNativeTarget "AllowanceIQTests" */;
			buildPhases = (
				B4B0C4F82ED51CCE003221FD /* Sources */,
				B4B0C4F92ED51CCE003221FD /* Frameworks */,
				B4B0C4FA2ED51CCE003221FD /* Resources */,
			);
			buildRules = (
			);
			dependencies = (
				B4B0C4FE2ED51CCE003221FD /* PBXTargetDependency */,
			);
			name = AllowanceIQTests;
			packageProductDependencies = (
			);
			productName = AllowanceIQTests;
			productReference = B4B0C4FC2ED51CCE003221FD /* AllowanceIQTests.xctest */;
			productType = "com.apple.product-type.bundle.unit-test";
		};
		B4B0C5052ED51CCE003221FD /* AllowanceIQUITests */ = {
			isa = PBXNativeTarget;
			buildConfigurationList = B4B0C5162ED51CCE003221FD /* Build configuration list for PBXNativeTarget "AllowanceIQUITests" */;
			buildPhases = (
				B4B0C5022ED51CCE003221FD /* Sources */,
				B4B0C5032ED51CCE003221FD /* Frameworks */,
				B4B0C5042ED51CCE003221FD /* Resources */,
			);
			buildRules = (
			);
			dependencies = (
				B4B0C5082ED51CCE003221FD /* PBXTargetDependency */,
			);
			name = AllowanceIQUITests;
			packageProductDependencies = (
			);
			productName = AllowanceIQUITests;
			productReference = B4B0C5062ED51CCE003221FD /* AllowanceIQUITests.xctest */;
			productType = "com.apple.product-type.bundle.ui-testing";
		};
/* End PBXNativeTarget section */

/* Begin PBXProject section */
		B4B0C4E22ED51CCD003221FD /* Project object */ = {
			isa = PBXProject;
			attributes = {
				BuildIndependentTargetsInParallel = 1;
				LastSwiftUpdateCheck = 2610;
				LastUpgradeCheck = 2620;
				TargetAttributes = {
					B47608C02EE4E29600015966 = {
						CreatedOnToolsVersion = 26.1.1;
					};
					B47608CC2EE4E29700015966 = {
						CreatedOnToolsVersion = 26.1.1;
						TestTargetID = B47608C02EE4E29600015966;
					};
					B47608D62EE4E29700015966 = {
						CreatedOnToolsVersion = 26.1.1;
						TestTargetID = B47608C02EE4E29600015966;
					};
					B4B0C4E92ED51CCD003221FD = {
						CreatedOnToolsVersion = 26.1.1;
					};
					B4B0C4FB2ED51CCE003221FD = {
						CreatedOnToolsVersion = 26.1.1;
						TestTargetID = B4B0C4E92ED51CCD003221FD;
					};
					B4B0C5052ED51CCE003221FD = {
						CreatedOnToolsVersion = 26.1.1;
						TestTargetID = B4B0C4E92ED51CCD003221FD;
					};
				};
			};
			buildConfigurationList = B4B0C4E52ED51CCD003221FD /* Build configuration list for PBXProject "AllowanceIQ" */;
			developmentRegion = en;
			hasScannedForEncodings = 0;
			knownRegions = (
				en,
				Base,
			);
			mainGroup = B4B0C4E12ED51CCD003221FD;
			minimizedProjectReferenceProxies = 1;
			preferredProjectObjectVersion = 77;
			productRefGroup = B4B0C4EB2ED51CCD003221FD /* Products */;
			projectDirPath = "";
			projectRoot = "";
			targets = (
				B4B0C4E92ED51CCD003221FD /* AllowanceIQ */,
				B4B0C4FB2ED51CCE003221FD /* AllowanceIQTests */,
				B4B0C5052ED51CCE003221FD /* AllowanceIQUITests */,
				B47608C02EE4E29600015966 /* AllownaceIQ Watch App */,
				B47608CC2EE4E29700015966 /* AllownaceIQ Watch AppTests */,
				B47608D62EE4E29700015966 /* AllownaceIQ Watch AppUITests */,
			);
		};
/* End PBXProject section */

/* Begin PBXResourcesBuildPhase section */
		B47608BF2EE4E29600015966 /* Resources */ = {
			isa = PBXResourcesBuildPhase;
			buildActionMask = 2147483647;
			files = (
			);
			runOnlyForDeploymentPostprocessing = 0;
		};
		B47608CB2EE4E29700015966 /* Resources */ = {
			isa = PBXResourcesBuildPhase;
			buildActionMask = 2147483647;
			files = (
			);
			runOnlyForDeploymentPostprocessing = 0;
		};
		B47608D52EE4E29700015966 /* Resources */ = {
			isa = PBXResourcesBuildPhase;
			buildActionMask = 2147483647;
			files = (
			);
			runOnlyForDeploymentPostprocessing = 0;
		};
		B4B0C4E82ED51CCD003221FD /* Resources */ = {
			isa = PBXResourcesBuildPhase;
			buildActionMask = 2147483647;
			files = (
			);
			runOnlyForDeploymentPostprocessing = 0;
		};
		B4B0C4FA2ED51CCE003221FD /* Resources */ = {
			isa = PBXResourcesBuildPhase;
			buildActionMask = 2147483647;
			files = (
			);
			runOnlyForDeploymentPostprocessing = 0;
		};
		B4B0C5042ED51CCE003221FD /* Resources */ = {
			isa = PBXResourcesBuildPhase;
			buildActionMask = 2147483647;
			files = (
			);
			runOnlyForDeploymentPostprocessing = 0;
		};
/* End PBXResourcesBuildPhase section */

/* Begin PBXSourcesBuildPhase section */
		B47608BD2EE4E29600015966 /* Sources */ = {
			isa = PBXSourcesBuildPhase;
			buildActionMask = 2147483647;
			files = (
			);
			runOnlyForDeploymentPostprocessing = 0;
		};
		B47608C92EE4E29700015966 /* Sources */ = {
			isa = PBXSourcesBuildPhase;
			buildActionMask = 2147483647;
			files = (
			);
			runOnlyForDeploymentPostprocessing = 0;
		};
		B47608D32EE4E29700015966 /* Sources */ = {
			isa = PBXSourcesBuildPhase;
			buildActionMask = 2147483647;
			files = (
			);
			runOnlyForDeploymentPostprocessing = 0;
		};
		B4B0C4E62ED51CCD003221FD /* Sources */ = {
			isa = PBXSourcesBuildPhase;
			buildActionMask = 2147483647;
			files = (
			);
			runOnlyForDeploymentPostprocessing = 0;
		};
		B4B0C4F82ED51CCE003221FD /* Sources */ = {
			isa = PBXSourcesBuildPhase;
			buildActionMask = 2147483647;
			files = (
			);
			runOnlyForDeploymentPostprocessing = 0;
		};
		B4B0C5022ED51CCE003221FD /* Sources */ = {
			isa = PBXSourcesBuildPhase;
			buildActionMask = 2147483647;
			files = (
			);
			runOnlyForDeploymentPostprocessing = 0;
		};
/* End PBXSourcesBuildPhase section */

/* Begin PBXTargetDependency section */
		B47608CF2EE4E29700015966 /* PBXTargetDependency */ = {
			isa = PBXTargetDependency;
			target = B47608C02EE4E29600015966 /* AllownaceIQ Watch App */;
			targetProxy = B47608CE2EE4E29700015966 /* PBXContainerItemProxy */;
		};
		B47608D92EE4E29700015966 /* PBXTargetDependency */ = {
			isa = PBXTargetDependency;
			target = B47608C02EE4E29600015966 /* AllownaceIQ Watch App */;
			targetProxy = B47608D82EE4E29700015966 /* PBXContainerItemProxy */;
		};
		B47608E02EE4E29700015966 /* PBXTargetDependency */ = {
			isa = PBXTargetDependency;
			target = B47608C02EE4E29600015966 /* AllownaceIQ Watch App */;
			targetProxy = B47608DF2EE4E29700015966 /* PBXContainerItemProxy */;
		};
		B4B0C4FE2ED51CCE003221FD /* PBXTargetDependency */ = {
			isa = PBXTargetDependency;
			target = B4B0C4E92ED51CCD003221FD /* AllowanceIQ */;
			targetProxy = B4B0C4FD2ED51CCE003221FD /* PBXContainerItemProxy */;
		};
		B4B0C5082ED51CCE003221FD /* PBXTargetDependency */ = {
			isa = PBXTargetDependency;
			target = B4B0C4E92ED51CCD003221FD /* AllowanceIQ */;
			targetProxy = B4B0C5072ED51CCE003221FD /* PBXContainerItemProxy */;
		};
/* End PBXTargetDependency section */

/* Begin XCBuildConfiguration section */
		B47608E32EE4E29700015966 /* Debug */ = {
			isa = XCBuildConfiguration;
			buildSettings = {
				ASSETCATALOG_COMPILER_APPICON_NAME = AppIcon;
				ASSETCATALOG_COMPILER_GLOBAL_ACCENT_COLOR_NAME = AccentColor;
				ASSETCATALOG_COMPILER_INCLUDE_ALL_APPICON_ASSETS = YES;
				CODE_SIGN_ENTITLEMENTS = "AllownaceIQ Watch App/AllownaceIQ Watch App.entitlements";
				CODE_SIGN_STYLE = Automatic;
				CURRENT_PROJECT_VERSION = 3;
				DEVELOPMENT_ASSET_PATHS = "";
				DEVELOPMENT_TEAM = L25556Z34Q;
				ENABLE_PREVIEWS = YES;
				GENERATE_INFOPLIST_FILE = YES;
				INFOPLIST_KEY_CFBundleDisplayName = AllownaceIQ;
				INFOPLIST_KEY_UISupportedInterfaceOrientations = "UIInterfaceOrientationPortrait UIInterfaceOrientationPortraitUpsideDown";
				INFOPLIST_KEY_WKCompanionAppBundleIdentifier = "juniors-homers.AllowanceIQ";
				LD_RUNPATH_SEARCH_PATHS = (
					"$(inherited)",
					"@executable_path/Frameworks",
				);
				MARKETING_VERSION = 1.1.0;
				PRODUCT_BUNDLE_IDENTIFIER = "juniors-homers.AllowanceIQ.watchkitapp";
				PRODUCT_NAME = "$(TARGET_NAME)";
				SDKROOT = watchos;
				SKIP_INSTALL = YES;
				STRING_CATALOG_GENERATE_SYMBOLS = YES;
				SWIFT_APPROACHABLE_CONCURRENCY = YES;
				SWIFT_DEFAULT_ACTOR_ISOLATION = MainActor;
				SWIFT_EMIT_LOC_STRINGS = YES;
				SWIFT_UPCOMING_FEATURE_MEMBER_IMPORT_VISIBILITY = YES;
				SWIFT_VERSION = 5.0;
				TARGETED_DEVICE_FAMILY = 4;
				WATCHOS_DEPLOYMENT_TARGET = 10.6;
			};
			name = Debug;
		};
		B47608E42EE4E29700015966 /* Release */ = {
			isa = XCBuildConfiguration;
			buildSettings = {
				ASSETCATALOG_COMPILER_APPICON_NAME = AppIcon;
				"ASSETCATALOG_COMPILER_APPICON_NAME[sdk=watchos*]" = AppIcon;
				ASSETCATALOG_COMPILER_GLOBAL_ACCENT_COLOR_NAME = AccentColor;
				ASSETCATALOG_COMPILER_INCLUDE_ALL_APPICON_ASSETS = YES;
				CODE_SIGN_ENTITLEMENTS = "AllownaceIQ Watch App/AllownaceIQ Watch App.entitlements";
				CODE_SIGN_STYLE = Automatic;
				CURRENT_PROJECT_VERSION = 3;
				DEVELOPMENT_ASSET_PATHS = "";
				DEVELOPMENT_TEAM = L25556Z34Q;
				ENABLE_PREVIEWS = YES;
				GENERATE_INFOPLIST_FILE = YES;
				INFOPLIST_KEY_CFBundleDisplayName = AllownaceIQ;
				INFOPLIST_KEY_UISupportedInterfaceOrientations = "UIInterfaceOrientationPortrait UIInterfaceOrientationPortraitUpsideDown";
				INFOPLIST_KEY_WKCompanionAppBundleIdentifier = "juniors-homers.AllowanceIQ";
				LD_RUNPATH_SEARCH_PATHS = (
					"$(inherited)",
					"@executable_path/Frameworks",
				);
				MARKETING_VERSION = 1.1.0;
				PRODUCT_BUNDLE_IDENTIFIER = "juniors-homers.AllowanceIQ.watchkitapp";
				PRODUCT_NAME = "$(TARGET_NAME)";
				SDKROOT = watchos;
				SKIP_INSTALL = YES;
				STRING_CATALOG_GENERATE_SYMBOLS = YES;
				SWIFT_APPROACHABLE_CONCURRENCY = YES;
				SWIFT_DEFAULT_ACTOR_ISOLATION = MainActor;
				SWIFT_EMIT_LOC_STRINGS = YES;
				SWIFT_UPCOMING_FEATURE_MEMBER_IMPORT_VISIBILITY = YES;
				SWIFT_VERSION = 5.0;
				TARGETED_DEVICE_FAMILY = 4;
				WATCHOS_DEPLOYMENT_TARGET = 10.6;
			};
			name = Release;
		};
		B47608E72EE4E29700015966 /* Debug */ = {
			isa = XCBuildConfiguration;
			buildSettings = {
				BUNDLE_LOADER = "$(TEST_HOST)";
				CODE_SIGN_STYLE = Automatic;
				CURRENT_PROJECT_VERSION = 1;
				DEVELOPMENT_TEAM = L25556Z34Q;
				GENERATE_INFOPLIST_FILE = YES;
				MARKETING_VERSION = 1.0;
				PRODUCT_BUNDLE_IDENTIFIER = "juniors-homers.AllownaceIQ-Watch-AppTests";
				PRODUCT_NAME = "$(TARGET_NAME)";
				SDKROOT = watchos;
				STRING_CATALOG_GENERATE_SYMBOLS = NO;
				SWIFT_APPROACHABLE_CONCURRENCY = YES;
				SWIFT_EMIT_LOC_STRINGS = NO;
				SWIFT_UPCOMING_FEATURE_MEMBER_IMPORT_VISIBILITY = YES;
				SWIFT_VERSION = 5.0;
				TARGETED_DEVICE_FAMILY = 4;
				TEST_HOST = "$(BUILT_PRODUCTS_DIR)/AllownaceIQ Watch App.app/$(BUNDLE_EXECUTABLE_FOLDER_PATH)/AllownaceIQ Watch App";
				WATCHOS_DEPLOYMENT_TARGET = 26.1;
			};
			name = Debug;
		};
		B47608E82EE4E29700015966 /* Release */ = {
			isa = XCBuildConfiguration;
			buildSettings = {
				BUNDLE_LOADER = "$(TEST_HOST)";
				CODE_SIGN_STYLE = Automatic;
				CURRENT_PROJECT_VERSION = 1;
				DEVELOPMENT_TEAM = L25556Z34Q;
				GENERATE_INFOPLIST_FILE = YES;
				MARKETING_VERSION = 1.0;
				PRODUCT_BUNDLE_IDENTIFIER = "juniors-homers.AllownaceIQ-Watch-AppTests";
				PRODUCT_NAME = "$(TARGET_NAME)";
				SDKROOT = watchos;
				STRING_CATALOG_GENERATE_SYMBOLS = NO;
				SWIFT_APPROACHABLE_CONCURRENCY = YES;
				SWIFT_EMIT_LOC_STRINGS = NO;
				SWIFT_UPCOMING_FEATURE_MEMBER_IMPORT_VISIBILITY = YES;
				SWIFT_VERSION = 5.0;
				TARGETED_DEVICE_FAMILY = 4;
				TEST_HOST = "$(BUILT_PRODUCTS_DIR)/AllownaceIQ Watch App.app/$(BUNDLE_EXECUTABLE_FOLDER_PATH)/AllownaceIQ Watch App";
				WATCHOS_DEPLOYMENT_TARGET = 26.1;
			};
			name = Release;
		};
		B47608EA2EE4E29700015966 /* Debug */ = {
			isa = XCBuildConfiguration;
			buildSettings = {
				CODE_SIGN_STYLE = Automatic;
				CURRENT_PROJECT_VERSION = 1;
				DEVELOPMENT_TEAM = L25556Z34Q;
				GENERATE_INFOPLIST_FILE = YES;
				MARKETING_VERSION = 1.0;
				PRODUCT_BUNDLE_IDENTIFIER = "juniors-homers.AllownaceIQ-Watch-AppUITests";
				PRODUCT_NAME = "$(TARGET_NAME)";
				SDKROOT = watchos;
				STRING_CATALOG_GENERATE_SYMBOLS = NO;
				SWIFT_APPROACHABLE_CONCURRENCY = YES;
				SWIFT_EMIT_LOC_STRINGS = NO;
				SWIFT_UPCOMING_FEATURE_MEMBER_IMPORT_VISIBILITY = YES;
				SWIFT_VERSION = 5.0;
				TARGETED_DEVICE_FAMILY = 4;
				TEST_TARGET_NAME = "AllownaceIQ Watch App";
				WATCHOS_DEPLOYMENT_TARGET = 26.1;
			};
			name = Debug;
		};
		B47608EB2EE4E29700015966 /* Release */ = {
			isa = XCBuildConfiguration;
			buildSettings = {
				CODE_SIGN_STYLE = Automatic;
				CURRENT_PROJECT_VERSION = 1;
				DEVELOPMENT_TEAM = L25556Z34Q;
				GENERATE_INFOPLIST_FILE = YES;
				MARKETING_VERSION = 1.0;
				PRODUCT_BUNDLE_IDENTIFIER = "juniors-homers.AllownaceIQ-Watch-AppUITests";
				PRODUCT_NAME = "$(TARGET_NAME)";
				SDKROOT = watchos;
				STRING_CATALOG_GENERATE_SYMBOLS = NO;
				SWIFT_APPROACHABLE_CONCURRENCY = YES;
				SWIFT_EMIT_LOC_STRINGS = NO;
				SWIFT_UPCOMING_FEATURE_MEMBER_IMPORT_VISIBILITY = YES;
				SWIFT_VERSION = 5.0;
				TARGETED_DEVICE_FAMILY = 4;
				TEST_TARGET_NAME = "AllownaceIQ Watch App";
				WATCHOS_DEPLOYMENT_TARGET = 26.1;
			};
			name = Release;
		};
		B4B0C50E2ED51CCE003221FD /* Debug */ = {
			isa = XCBuildConfiguration;
			buildSettings = {
				ALWAYS_SEARCH_USER_PATHS = NO;
				ASSETCATALOG_COMPILER_GENERATE_SWIFT_ASSET_SYMBOL_EXTENSIONS = YES;
				CLANG_ANALYZER_NONNULL = YES;
				CLANG_ANALYZER_NUMBER_OBJECT_CONVERSION = YES_AGGRESSIVE;
				CLANG_CXX_LANGUAGE_STANDARD = "gnu++20";
				CLANG_ENABLE_MODULES = YES;
				CLANG_ENABLE_OBJC_ARC = YES;
				CLANG_ENABLE_OBJC_WEAK = YES;
				CLANG_WARN_BLOCK_CAPTURE_AUTORELEASING = YES;
				CLANG_WARN_BOOL_CONVERSION = YES;
				CLANG_WARN_COMMA = YES;
				CLANG_WARN_CONSTANT_CONVERSION = YES;
				CLANG_WARN_DEPRECATED_OBJC_IMPLEMENTATIONS = YES;
				CLANG_WARN_DIRECT_OBJC_ISA_USAGE = YES_ERROR;
				CLANG_WARN_DOCUMENTATION_COMMENTS = YES;
				CLANG_WARN_EMPTY_BODY = YES;
				CLANG_WARN_ENUM_CONVERSION = YES;
				CLANG_WARN_INFINITE_RECURSION = YES;
				CLANG_WARN_INT_CONVERSION = YES;
				CLANG_WARN_NON_LITERAL_NULL_CONVERSION = YES;
				CLANG_WARN_OBJC_IMPLICIT_RETAIN_SELF = YES;
				CLANG_WARN_OBJC_LITERAL_CONVERSION = YES;
				CLANG_WARN_OBJC_ROOT_CLASS = YES_ERROR;
				CLANG_WARN_QUOTED_INCLUDE_IN_FRAMEWORK_HEADER = YES;
				CLANG_WARN_RANGE_LOOP_ANALYSIS = YES;
				CLANG_WARN_STRICT_PROTOTYPES = YES;
				CLANG_WARN_SUSPICIOUS_MOVE = YES;
				CLANG_WARN_UNGUARDED_AVAILABILITY = YES_AGGRESSIVE;
				CLANG_WARN_UNREACHABLE_CODE = YES;
				CLANG_WARN__DUPLICATE_METHOD_MATCH = YES;
				COPY_PHASE_STRIP = NO;
				DEBUG_INFORMATION_FORMAT = dwarf;
				DEVELOPMENT_TEAM = L25556Z34Q;
				ENABLE_STRICT_OBJC_MSGSEND = YES;
				ENABLE_TESTABILITY = YES;
				ENABLE_USER_SCRIPT_SANDBOXING = YES;
				GCC_C_LANGUAGE_STANDARD = gnu17;
				GCC_DYNAMIC_NO_PIC = NO;
				GCC_NO_COMMON_BLOCKS = YES;
				GCC_OPTIMIZATION_LEVEL = 0;
				GCC_PREPROCESSOR_DEFINITIONS = (
					"DEBUG=1",
					"$(inherited)",
				);
				GCC_WARN_64_TO_32_BIT_CONVERSION = YES;
				GCC_WARN_ABOUT_RETURN_TYPE = YES_ERROR;
				GCC_WARN_UNDECLARED_SELECTOR = YES;
				GCC_WARN_UNINITIALIZED_AUTOS = YES_AGGRESSIVE;
				GCC_WARN_UNUSED_FUNCTION = YES;
				GCC_WARN_UNUSED_VARIABLE = YES;
				IPHONEOS_DEPLOYMENT_TARGET = 26.1;
				LOCALIZATION_PREFERS_STRING_CATALOGS = YES;
				MTL_ENABLE_DEBUG_INFO = INCLUDE_SOURCE;
				MTL_FAST_MATH = YES;
				ONLY_ACTIVE_ARCH = YES;
				SDKROOT = iphoneos;
				STRING_CATALOG_GENERATE_SYMBOLS = YES;
				SWIFT_ACTIVE_COMPILATION_CONDITIONS = "DEBUG $(inherited)";
				SWIFT_OPTIMIZATION_LEVEL = "-Onone";
			};
			name = Debug;
		};
		B4B0C50F2ED51CCE003221FD /* Release */ = {
			isa = XCBuildConfiguration;
			buildSettings = {
				ALWAYS_SEARCH_USER_PATHS = NO;
				ASSETCATALOG_COMPILER_GENERATE_SWIFT_ASSET_SYMBOL_EXTENSIONS = YES;
				CLANG_ANALYZER_NONNULL = YES;
				CLANG_ANALYZER_NUMBER_OBJECT_CONVERSION = YES_AGGRESSIVE;
				CLANG_CXX_LANGUAGE_STANDARD = "gnu++20";
				CLANG_ENABLE_MODULES = YES;
				CLANG_ENABLE_OBJC_ARC = YES;
				CLANG_ENABLE_OBJC_WEAK = YES;
				CLANG_WARN_BLOCK_CAPTURE_AUTORELEASING = YES;
				CLANG_WARN_BOOL_CONVERSION = YES;
				CLANG_WARN_COMMA = YES;
				CLANG_WARN_CONSTANT_CONVERSION = YES;
				CLANG_WARN_DEPRECATED_OBJC_IMPLEMENTATIONS = YES;
				CLANG_WARN_DIRECT_OBJC_ISA_USAGE = YES_ERROR;
				CLANG_WARN_DOCUMENTATION_COMMENTS = YES;
				CLANG_WARN_EMPTY_BODY = YES;
				CLANG_WARN_ENUM_CONVERSION = YES;
				CLANG_WARN_INFINITE_RECURSION = YES;
				CLANG_WARN_INT_CONVERSION = YES;
				CLANG_WARN_NON_LITERAL_NULL_CONVERSION = YES;
				CLANG_WARN_OBJC_IMPLICIT_RETAIN_SELF = YES;
				CLANG_WARN_OBJC_LITERAL_CONVERSION = YES;
				CLANG_WARN_OBJC_ROOT_CLASS = YES_ERROR;
				CLANG_WARN_QUOTED_INCLUDE_IN_FRAMEWORK_HEADER = YES;
				CLANG_WARN_RANGE_LOOP_ANALYSIS = YES;
				CLANG_WARN_STRICT_PROTOTYPES = YES;
				CLANG_WARN_SUSPICIOUS_MOVE = YES;
				CLANG_WARN_UNGUARDED_AVAILABILITY = YES_AGGRESSIVE;
				CLANG_WARN_UNREACHABLE_CODE = YES;
				CLANG_WARN__DUPLICATE_METHOD_MATCH = YES;
				COPY_PHASE_STRIP = NO;
				DEBUG_INFORMATION_FORMAT = "dwarf-with-dsym";
				DEVELOPMENT_TEAM = L25556Z34Q;
				ENABLE_NS_ASSERTIONS = NO;
				ENABLE_STRICT_OBJC_MSGSEND = YES;
				ENABLE_USER_SCRIPT_SANDBOXING = YES;
				GCC_C_LANGUAGE_STANDARD = gnu17;
				GCC_NO_COMMON_BLOCKS = YES;
				GCC_WARN_64_TO_32_BIT_CONVERSION = YES;
				GCC_WARN_ABOUT_RETURN_TYPE = YES_ERROR;
				GCC_WARN_UNDECLARED_SELECTOR = YES;
				GCC_WARN_UNINITIALIZED_AUTOS = YES_AGGRESSIVE;
				GCC_WARN_UNUSED_FUNCTION = YES;
				GCC_WARN_UNUSED_VARIABLE = YES;
				IPHONEOS_DEPLOYMENT_TARGET = 26.1;
				LOCALIZATION_PREFERS_STRING_CATALOGS = YES;
				MTL_ENABLE_DEBUG_INFO = NO;
				MTL_FAST_MATH = YES;
				SDKROOT = iphoneos;
				STRING_CATALOG_GENERATE_SYMBOLS = YES;
				SWIFT_COMPILATION_MODE = wholemodule;
				VALIDATE_PRODUCT = YES;
			};
			name = Release;
		};
		B4B0C5112ED51CCE003221FD /* Debug */ = {
			isa = XCBuildConfiguration;
			buildSettings = {
				ASSETCATALOG_COMPILER_APPICON_NAME = AppIcon;
				ASSETCATALOG_COMPILER_GLOBAL_ACCENT_COLOR_NAME = AccentColor;
				ASSETCATALOG_COMPILER_INCLUDE_ALL_APPICON_ASSETS = YES;
				CODE_SIGN_ENTITLEMENTS = AllowanceIQ/AllowanceIQ.entitlements;
				CODE_SIGN_STYLE = Automatic;
				CURRENT_PROJECT_VERSION = 3;
				DEVELOPMENT_TEAM = L25556Z34Q;
				ENABLE_PREVIEWS = YES;
				GENERATE_INFOPLIST_FILE = YES;
				INFOPLIST_KEY_CFBundleDisplayName = AllowanceIQ;
				INFOPLIST_KEY_LSApplicationCategoryType = "public.app-category.finance";
				INFOPLIST_KEY_UIApplicationSceneManifest_Generation = YES;
				INFOPLIST_KEY_UIApplicationSupportsIndirectInputEvents = YES;
				INFOPLIST_KEY_UILaunchScreen_Generation = YES;
				INFOPLIST_KEY_UISupportedInterfaceOrientations_iPad = "UIInterfaceOrientationPortrait UIInterfaceOrientationPortraitUpsideDown UIInterfaceOrientationLandscapeLeft UIInterfaceOrientationLandscapeRight";
				INFOPLIST_KEY_UISupportedInterfaceOrientations_iPhone = "UIInterfaceOrientationPortrait UIInterfaceOrientationLandscapeLeft UIInterfaceOrientationLandscapeRight";
				LD_RUNPATH_SEARCH_PATHS = (
					"$(inherited)",
					"@executable_path/Frameworks",
				);
				MARKETING_VERSION = 1.1.0;
				NEW_SETTING = "";
				PRODUCT_BUNDLE_IDENTIFIER = "juniors-homers.AllowanceIQ";
				PRODUCT_NAME = "$(TARGET_NAME)";
				STRING_CATALOG_GENERATE_SYMBOLS = YES;
				SWIFT_APPROACHABLE_CONCURRENCY = YES;
				SWIFT_DEFAULT_ACTOR_ISOLATION = MainActor;
				SWIFT_EMIT_LOC_STRINGS = YES;
				SWIFT_UPCOMING_FEATURE_MEMBER_IMPORT_VISIBILITY = YES;
				SWIFT_VERSION = 5.0;
				TARGETED_DEVICE_FAMILY = "1,2";
			};
			name = Debug;
		};
		B4B0C5122ED51CCE003221FD /* Release */ = {
			isa = XCBuildConfiguration;
			buildSettings = {
				ASSETCATALOG_COMPILER_APPICON_NAME = AppIcon;
				ASSETCATALOG_COMPILER_GLOBAL_ACCENT_COLOR_NAME = AccentColor;
				ASSETCATALOG_COMPILER_INCLUDE_ALL_APPICON_ASSETS = YES;
				CODE_SIGN_ENTITLEMENTS = AllowanceIQ/AllowanceIQ.entitlements;
				CODE_SIGN_STYLE = Automatic;
				CURRENT_PROJECT_VERSION = 3;
				DEVELOPMENT_TEAM = L25556Z34Q;
				ENABLE_PREVIEWS = YES;
				GENERATE_INFOPLIST_FILE = YES;
				INFOPLIST_KEY_CFBundleDisplayName = AllowanceIQ;
				INFOPLIST_KEY_LSApplicationCategoryType = "public.app-category.finance";
				INFOPLIST_KEY_UIApplicationSceneManifest_Generation = YES;
				INFOPLIST_KEY_UIApplicationSupportsIndirectInputEvents = YES;
				INFOPLIST_KEY_UILaunchScreen_Generation = YES;
				INFOPLIST_KEY_UISupportedInterfaceOrientations_iPad = "UIInterfaceOrientationPortrait UIInterfaceOrientationPortraitUpsideDown UIInterfaceOrientationLandscapeLeft UIInterfaceOrientationLandscapeRight";
				INFOPLIST_KEY_UISupportedInterfaceOrientations_iPhone = "UIInterfaceOrientationPortrait UIInterfaceOrientationLandscapeLeft UIInterfaceOrientationLandscapeRight";
				LD_RUNPATH_SEARCH_PATHS = (
					"$(inherited)",
					"@executable_path/Frameworks",
				);
				MARKETING_VERSION = 1.1.0;
				NEW_SETTING = "";
				PRODUCT_BUNDLE_IDENTIFIER = "juniors-homers.AllowanceIQ";
				PRODUCT_NAME = "$(TARGET_NAME)";
				STRING_CATALOG_GENERATE_SYMBOLS = YES;
				SWIFT_APPROACHABLE_CONCURRENCY = YES;
				SWIFT_DEFAULT_ACTOR_ISOLATION = MainActor;
				SWIFT_EMIT_LOC_STRINGS = YES;
				SWIFT_UPCOMING_FEATURE_MEMBER_IMPORT_VISIBILITY = YES;
				SWIFT_VERSION = 5.0;
				TARGETED_DEVICE_FAMILY = "1,2";
			};
			name = Release;
		};
		B4B0C5142ED51CCE003221FD /* Debug */ = {
			isa = XCBuildConfiguration;
			buildSettings = {
				BUNDLE_LOADER = "$(TEST_HOST)";
				CODE_SIGN_STYLE = Automatic;
				CURRENT_PROJECT_VERSION = 1;
				DEVELOPMENT_TEAM = L25556Z34Q;
				GENERATE_INFOPLIST_FILE = YES;
				IPHONEOS_DEPLOYMENT_TARGET = 26.1;
				MARKETING_VERSION = 1.0;
				PRODUCT_BUNDLE_IDENTIFIER = "juniors-homers.AllowanceIQTests";
				PRODUCT_NAME = "$(TARGET_NAME)";
				STRING_CATALOG_GENERATE_SYMBOLS = NO;
				SWIFT_APPROACHABLE_CONCURRENCY = YES;
				SWIFT_EMIT_LOC_STRINGS = NO;
				SWIFT_UPCOMING_FEATURE_MEMBER_IMPORT_VISIBILITY = YES;
				SWIFT_VERSION = 5.0;
				TARGETED_DEVICE_FAMILY = "1,2";
				TEST_HOST = "$(BUILT_PRODUCTS_DIR)/AllowanceIQ.app/$(BUNDLE_EXECUTABLE_FOLDER_PATH)/AllowanceIQ";
			};
			name = Debug;
		};
		B4B0C5152ED51CCE003221FD /* Release */ = {
			isa = XCBuildConfiguration;
			buildSettings = {
				BUNDLE_LOADER = "$(TEST_HOST)";
				CODE_SIGN_STYLE = Automatic;
				CURRENT_PROJECT_VERSION = 1;
				DEVELOPMENT_TEAM = L25556Z34Q;
				GENERATE_INFOPLIST_FILE = YES;
				IPHONEOS_DEPLOYMENT_TARGET = 26.1;
				MARKETING_VERSION = 1.0;
				PRODUCT_BUNDLE_IDENTIFIER = "juniors-homers.AllowanceIQTests";
				PRODUCT_NAME = "$(TARGET_NAME)";
				STRING_CATALOG_GENERATE_SYMBOLS = NO;
				SWIFT_APPROACHABLE_CONCURRENCY = YES;
				SWIFT_EMIT_LOC_STRINGS = NO;
				SWIFT_UPCOMING_FEATURE_MEMBER_IMPORT_VISIBILITY = YES;
				SWIFT_VERSION = 5.0;
				TARGETED_DEVICE_FAMILY = "1,2";
				TEST_HOST = "$(BUILT_PRODUCTS_DIR)/AllowanceIQ.app/$(BUNDLE_EXECUTABLE_FOLDER_PATH)/AllowanceIQ";
			};
			name = Release;
		};
		B4B0C5172ED51CCE003221FD /* Debug */ = {
			isa = XCBuildConfiguration;
			buildSettings = {
				CODE_SIGN_STYLE = Automatic;
				CURRENT_PROJECT_VERSION = 1;
				DEVELOPMENT_TEAM = L25556Z34Q;
				GENERATE_INFOPLIST_FILE = YES;
				MARKETING_VERSION = 1.0;
				PRODUCT_BUNDLE_IDENTIFIER = "juniors-homers.AllowanceIQUITests";
				PRODUCT_NAME = "$(TARGET_NAME)";
				STRING_CATALOG_GENERATE_SYMBOLS = NO;
				SWIFT_APPROACHABLE_CONCURRENCY = YES;
				SWIFT_EMIT_LOC_STRINGS = NO;
				SWIFT_UPCOMING_FEATURE_MEMBER_IMPORT_VISIBILITY = YES;
				SWIFT_VERSION = 5.0;
				TARGETED_DEVICE_FAMILY = "1,2";
				TEST_TARGET_NAME = AllowanceIQ;
			};
			name = Debug;
		};
		B4B0C5182ED51CCE003221FD /* Release */ = {
			isa = XCBuildConfiguration;
			buildSettings = {
				CODE_SIGN_STYLE = Automatic;
				CURRENT_PROJECT_VERSION = 1;
				DEVELOPMENT_TEAM = L25556Z34Q;
				GENERATE_INFOPLIST_FILE = YES;
				MARKETING_VERSION = 1.0;
				PRODUCT_BUNDLE_IDENTIFIER = "juniors-homers.AllowanceIQUITests";
				PRODUCT_NAME = "$(TARGET_NAME)";
				STRING_CATALOG_GENERATE_SYMBOLS = NO;
				SWIFT_APPROACHABLE_CONCURRENCY = YES;
				SWIFT_EMIT_LOC_STRINGS = NO;
				SWIFT_UPCOMING_FEATURE_MEMBER_IMPORT_VISIBILITY = YES;
				SWIFT_VERSION = 5.0;
				TARGETED_DEVICE_FAMILY = "1,2";
				TEST_TARGET_NAME = AllowanceIQ;
			};
			name = Release;
		};
/* End XCBuildConfiguration section */

/* Begin XCConfigurationList section */
		B47608E22EE4E29700015966 /* Build configuration list for PBXNativeTarget "AllownaceIQ Watch App" */ = {
			isa = XCConfigurationList;
			buildConfigurations = (
				B47608E32EE4E29700015966 /* Debug */,
				B47608E42EE4E29700015966 /* Release */,
			);
			defaultConfigurationIsVisible = 0;
			defaultConfigurationName = Release;
		};
		B47608E62EE4E29700015966 /* Build configuration list for PBXNativeTarget "AllownaceIQ Watch AppTests" */ = {
			isa = XCConfigurationList;
			buildConfigurations = (
				B47608E72EE4E29700015966 /* Debug */,
				B47608E82EE4E29700015966 /* Release */,
			);
			defaultConfigurationIsVisible = 0;
			defaultConfigurationName = Release;
		};
		B47608E92EE4E29700015966 /* Build configuration list for PBXNativeTarget "AllownaceIQ Watch AppUITests" */ = {
			isa = XCConfigurationList;
			buildConfigurations = (
				B47608EA2EE4E29700015966 /* Debug */,
				B47608EB2EE4E29700015966 /* Release */,
			);
			defaultConfigurationIsVisible = 0;
			defaultConfigurationName = Release;
		};
		B4B0C4E52ED51CCD003221FD /* Build configuration list for PBXProject "AllowanceIQ" */ = {
			isa = XCConfigurationList;
			buildConfigurations = (
				B4B0C50E2ED51CCE003221FD /* Debug */,
				B4B0C50F2ED51CCE003221FD /* Release */,
			);
			defaultConfigurationIsVisible = 0;
			defaultConfigurationName = Release;
		};
		B4B0C5102ED51CCE003221FD /* Build configuration list for PBXNativeTarget "AllowanceIQ" */ = {
			isa = XCConfigurationList;
			buildConfigurations = (
				B4B0C5112ED51CCE003221FD /* Debug */,
				B4B0C5122ED51CCE003221FD /* Release */,
			);
			defaultConfigurationIsVisible = 0;
			defaultConfigurationName = Release;
		};
		B4B0C5132ED51CCE003221FD /* Build configuration list for PBXNativeTarget "AllowanceIQTests" */ = {
			isa = XCConfigurationList;
			buildConfigurations = (
				B4B0C5142ED51CCE003221FD /* Debug */,
				B4B0C5152ED51CCE003221FD /* Release */,
			);
			defaultConfigurationIsVisible = 0;
			defaultConfigurationName = Release;
		};
		B4B0C5162ED51CCE003221FD /* Build configuration list for PBXNativeTarget "AllowanceIQUITests" */ = {
			isa = XCConfigurationList;
			buildConfigurations = (
				B4B0C5172ED51CCE003221FD /* Debug */,
				B4B0C5182ED51CCE003221FD /* Release */,
			);
			defaultConfigurationIsVisible = 0;
			defaultConfigurationName = Release;
		};
/* End XCConfigurationList section */
	};
	rootObject = B4B0C4E22ED51CCD003221FD /* Project object */;
}
